
Microsoft Visual Studio Solution File, Format Version 12.00
# Visual Studio Version 17
VisualStudioVersion = 17.11.35327.3
MinimumVisualStudioVersion = 10.0.40219.1
Project("{FAE04EC0-301F-11D3-BF4B-00C04F79EFBC}") = "AsiaDigitalImageProcessor", "AsiaDigitalImageProcessor.csproj", "{64C5557F-A534-4F5A-85CE-188D3385E420}"
EndProject
Global
	GlobalSection(SolutionConfigurationPlatforms) = preSolution
		Debug|Any CPU = Debug|Any CPU
		Release|Any CPU = Release|Any CPU
	EndGlobalSection
	GlobalSection(ProjectConfigurationPlatforms) = postSolution
		{64C5557F-A534-4F5A-85CE-188D3385E420}.Debug|Any CPU.ActiveCfg = Debug|Any CPU
		{64C5557F-A534-4F5A-85CE-188D3385E420}.Debug|Any CPU.Build.0 = Debug|Any CPU
		{64C5557F-A534-4F5A-85CE-188D3385E420}.Release|Any CPU.ActiveCfg = Release|Any CPU
		{64C5557F-A534-4F5A-85CE-188D3385E420}.Release|Any CPU.Build.0 = Release|Any CPU
	EndGlobalSection
	GlobalSection(SolutionProperties) = preSolution
		HideSolutionNode = FALSE
	EndGlobalSection
	GlobalSection(ExtensibilityGlobals) = postSolution
		SolutionGuid = {28B4B7FF-FF41-4167-A243-4FD913F5521C}
	EndGlobalSection
EndGlobal
